
Microsoft Visual Studio Solution File, Format Version 12.00
# Visual Studio Version 17
VisualStudioVersion = 17.9.34728.123
MinimumVisualStudioVersion = 10.0.40219.1
Project("{9092AA53-FB77-4645-B42D-1CCCA6BD08BD}") = "ProjectCatan", "ProjectCatan.njsproj", "{5AB9D333-49B9-415F-BF6E-2918E6719DD0}"
EndProject
Global
	GlobalSection(SolutionConfigurationPlatforms) = preSolution
		Debug|Any CPU = Debug|Any CPU
		Release|Any CPU = Release|Any CPU
	EndGlobalSection
	GlobalSection(ProjectConfigurationPlatforms) = postSolution
		{5AB9D333-49B9-415F-BF6E-2918E6719DD0}.Debug|Any CPU.ActiveCfg = Debug|Any CPU
		{5AB9D333-49B9-415F-BF6E-2918E6719DD0}.Debug|Any CPU.Build.0 = Debug|Any CPU
		{5AB9D333-49B9-415F-BF6E-2918E6719DD0}.Release|Any CPU.ActiveCfg = Release|Any CPU
		{5AB9D333-49B9-415F-BF6E-2918E6719DD0}.Release|Any CPU.Build.0 = Release|Any CPU
	EndGlobalSection
	GlobalSection(SolutionProperties) = preSolution
		HideSolutionNode = FALSE
	EndGlobalSection
	GlobalSection(ExtensibilityGlobals) = postSolution
		SolutionGuid = {906B991A-F986-4FDF-A196-D122AB6084DC}
	EndGlobalSection
EndGlobal
